
Microsoft Visual Studio Solution File, Format Version 12.00
# Visual Studio Version 17
VisualStudioVersion = 17.0.32126.317
MinimumVisualStudioVersion = 10.0.40219.1
Project("{FAE04EC0-301F-11D3-BF4B-00C04F79EFBC}") = "Srez", "Srez.csproj", "{C6CED756-4E14-467F-B4A2-2E1153673EA1}"
EndProject
Global
	GlobalSection(SolutionConfigurationPlatforms) = preSolution
		Debug|Any CPU = Debug|Any CPU
		Release|Any CPU = Release|Any CPU
	EndGlobalSection
	GlobalSection(ProjectConfigurationPlatforms) = postSolution
		{C6CED756-4E14-467F-B4A2-2E1153673EA1}.Debug|Any CPU.ActiveCfg = Debug|Any CPU
		{C6CED756-4E14-467F-B4A2-2E1153673EA1}.Debug|Any CPU.Build.0 = Debug|Any CPU
		{C6CED756-4E14-467F-B4A2-2E1153673EA1}.Release|Any CPU.ActiveCfg = Release|Any CPU
		{C6CED756-4E14-467F-B4A2-2E1153673EA1}.Release|Any CPU.Build.0 = Release|Any CPU
	EndGlobalSection
	GlobalSection(SolutionProperties) = preSolution
		HideSolutionNode = FALSE
	EndGlobalSection
	GlobalSection(ExtensibilityGlobals) = postSolution
		SolutionGuid = {85E582C0-F665-4375-8BB1-3A4E817FA670}
	EndGlobalSection
EndGlobal
